{
  "name": "temp-bd-data",
  "version": "1.0.0",
  "lockfileVersion": 3,
  "requires": true,
  "packages": {
    "": {
      "name": "temp-bd-data",
      "version": "1.0.0",
      "license": "ISC",
      "dependencies": {
        "@bangladeshi/bangladesh-address": "^2.1.0",
        "bangladesh-location-data": "^1.0.6",
        "bd-address-pro": "^1.2.0"
      }
    },
    "node_modules/@bangladeshi/bangladesh-address": {
      "version": "2.1.0",
      "resolved": "https://registry.npmjs.org/@bangladeshi/bangladesh-address/-/bangladesh-address-2.1.0.tgz",
      "integrity": "sha512-Gq0SOlONv9MtbcGr1BJHzrFs2ZHEY4x1gvuO9I2UjE72xEhgdqap8qyTC3TuQqMG6RAOk1hoA4wIHZo5pWyIVg==",
      "license": "MIT"
    },
    "node_modules/bangladesh-location-data": {
      "version": "1.0.6",
      "resolved": "https://registry.npmjs.org/bangladesh-location-data/-/bangladesh-location-data-1.0.6.tgz",
      "integrity": "sha512-lf76vgVRRC6GTeIUWYyOkRfP7MlpV27KipINoamLSudnN0A7aGMgzkqj30117m5SA7FjXyU3mcmDvGIBG+rS3g==",
      "license": "MIT",
      "engines": {
        "node": ">=12.0.0"
      },
      "peerDependencies": {
        "react": ">=16.8.0 || ^17.0.0 || ^18.0.0 || ^19.0.0"
      },
      "peerDependenciesMeta": {
        "react": {
          "optional": true
        }
      }
    },
    "node_modules/bd-address-pro": {
      "version": "1.2.0",
      "resolved": "https://registry.npmjs.org/bd-address-pro/-/bd-address-pro-1.2.0.tgz",
      "integrity": "sha512-rgbGIxVeTrnwXy/1sPS3hUYvkyx/Wmez3ZqLY3J70JxK91N7EXJ/D+nljTWFU/+XHqYvx17L+Ra3mXKS6DchTQ==",
      "license": "MIT",
      "peerDependencies": {
        "typescript": "^5"
      }
    },
    "node_modules/typescript": {
      "version": "5.9.3",
      "resolved": "https://registry.npmjs.org/typescript/-/typescript-5.9.3.tgz",
      "integrity": "sha512-jl1vZzPDinLr9eUt3J/t7V6FgNEw9QjvBPdysz9KfQDD41fQrC2Y4vKQdiaUpFT4bXlb1RHhLpp8wtm6M5TgSw==",
      "license": "Apache-2.0",
      "peer": true,
      "bin": {
        "tsc": "bin/tsc",
        "tsserver": "bin/tsserver"
      },
      "engines": {
        "node": ">=14.17"
      }
    }
  }
}
